
Microsoft Visual Studio Solution File, Format Version 12.00
# Visual Studio Version 16
VisualStudioVersion = 16.0.30717.126
MinimumVisualStudioVersion = 10.0.40219.1
Project("{FAE04EC0-301F-11D3-BF4B-00C04F79EFBC}") = "Kortti2", "Kortti2\Kortti2.csproj", "{72FE1A1B-4408-4411-A2DE-091602C7DE51}"
EndProject
Global
	GlobalSection(SolutionConfigurationPlatforms) = preSolution
		Debug|Any CPU = Debug|Any CPU
		Release|Any CPU = Release|Any CPU
	EndGlobalSection
	GlobalSection(ProjectConfigurationPlatforms) = postSolution
		{72FE1A1B-4408-4411-A2DE-091602C7DE51}.Debug|Any CPU.ActiveCfg = Debug|Any CPU
		{72FE1A1B-4408-4411-A2DE-091602C7DE51}.Debug|Any CPU.Build.0 = Debug|Any CPU
		{72FE1A1B-4408-4411-A2DE-091602C7DE51}.Release|Any CPU.ActiveCfg = Release|Any CPU
		{72FE1A1B-4408-4411-A2DE-091602C7DE51}.Release|Any CPU.Build.0 = Release|Any CPU
	EndGlobalSection
	GlobalSection(SolutionProperties) = preSolution
		HideSolutionNode = FALSE
	EndGlobalSection
	GlobalSection(ExtensibilityGlobals) = postSolution
		SolutionGuid = {74829210-D7C7-4A32-AFB3-6A178F6603CE}
	EndGlobalSection
EndGlobal
